
Microsoft Visual Studio Solution File, Format Version 12.00
# Visual Studio Version 16
VisualStudioVersion = 16.0.31025.194
MinimumVisualStudioVersion = 10.0.40219.1
Project("{2150E333-8FDC-42A3-9474-1A3956D46DE8}") = "src", "src", "{B6C68184-0EC2-4885-8C47-F4AFB206B8F7}"
EndProject
Project("{2150E333-8FDC-42A3-9474-1A3956D46DE8}") = "Solution Items", "Solution Items", "{0A34B4F7-4A30-4D8B-A1B7-9AA6A1F644AE}"
	ProjectSection(SolutionItems) = preProject
		global.json = global.json
	EndProjectSection
EndProject
Project("{9A19103F-16F7-4668-BE54-9A1E7A4F7556}") = "OpenPixelControl.Sharp", "src\OpenPixelControl.Sharp\OpenPixelControl.Sharp.csproj", "{C348C762-36A9-4979-933B-B4D8C450AED2}"
EndProject
Project("{9A19103F-16F7-4668-BE54-9A1E7A4F7556}") = "OPCTest", "src\OPCTest\OPCTest.csproj", "{A4E8F624-685A-4AD7-9E5B-3341B68EE4EA}"
EndProject
Global
	GlobalSection(SolutionConfigurationPlatforms) = preSolution
		Debug|Any CPU = Debug|Any CPU
		Release|Any CPU = Release|Any CPU
	EndGlobalSection
	GlobalSection(ProjectConfigurationPlatforms) = postSolution
		{C348C762-36A9-4979-933B-B4D8C450AED2}.Debug|Any CPU.ActiveCfg = Debug|Any CPU
		{C348C762-36A9-4979-933B-B4D8C450AED2}.Debug|Any CPU.Build.0 = Debug|Any CPU
		{C348C762-36A9-4979-933B-B4D8C450AED2}.Release|Any CPU.ActiveCfg = Release|Any CPU
		{C348C762-36A9-4979-933B-B4D8C450AED2}.Release|Any CPU.Build.0 = Release|Any CPU
		{A4E8F624-685A-4AD7-9E5B-3341B68EE4EA}.Debug|Any CPU.ActiveCfg = Debug|Any CPU
		{A4E8F624-685A-4AD7-9E5B-3341B68EE4EA}.Debug|Any CPU.Build.0 = Debug|Any CPU
		{A4E8F624-685A-4AD7-9E5B-3341B68EE4EA}.Release|Any CPU.ActiveCfg = Release|Any CPU
		{A4E8F624-685A-4AD7-9E5B-3341B68EE4EA}.Release|Any CPU.Build.0 = Release|Any CPU
	EndGlobalSection
	GlobalSection(SolutionProperties) = preSolution
		HideSolutionNode = FALSE
	EndGlobalSection
	GlobalSection(NestedProjects) = preSolution
		{C348C762-36A9-4979-933B-B4D8C450AED2} = {B6C68184-0EC2-4885-8C47-F4AFB206B8F7}
		{A4E8F624-685A-4AD7-9E5B-3341B68EE4EA} = {B6C68184-0EC2-4885-8C47-F4AFB206B8F7}
	EndGlobalSection
	GlobalSection(ExtensibilityGlobals) = postSolution
		SolutionGuid = {46131124-FF88-4D5F-AF67-C9F1CB5F102B}
	EndGlobalSection
EndGlobal
